
Microsoft Visual Studio Solution File, Format Version 12.00
# Visual Studio Version 16
VisualStudioVersion = 16.0.32510.428
MinimumVisualStudioVersion = 10.0.40219.1
Project("{FAE04EC0-301F-11D3-BF4B-00C04F79EFBC}") = "Project", "Project\Project.csproj", "{E6F77EB1-C276-49D6-A862-9E10A100C36E}"
EndProject
Global
	GlobalSection(SolutionConfigurationPlatforms) = preSolution
		Debug|Any CPU = Debug|Any CPU
		Release|Any CPU = Release|Any CPU
	EndGlobalSection
	GlobalSection(ProjectConfigurationPlatforms) = postSolution
		{E6F77EB1-C276-49D6-A862-9E10A100C36E}.Debug|Any CPU.ActiveCfg = Debug|Any CPU
		{E6F77EB1-C276-49D6-A862-9E10A100C36E}.Debug|Any CPU.Build.0 = Debug|Any CPU
		{E6F77EB1-C276-49D6-A862-9E10A100C36E}.Release|Any CPU.ActiveCfg = Release|Any CPU
		{E6F77EB1-C276-49D6-A862-9E10A100C36E}.Release|Any CPU.Build.0 = Release|Any CPU
	EndGlobalSection
	GlobalSection(SolutionProperties) = preSolution
		HideSolutionNode = FALSE
	EndGlobalSection
	GlobalSection(ExtensibilityGlobals) = postSolution
		SolutionGuid = {322940A5-BD0B-4B98-A1F1-A8160DB740CE}
	EndGlobalSection
EndGlobal
